// !$*UTF8*$!
{
	archiveVersion = 1;
	classes = {
	};
	objectVersion = 56;
	objects = {

/* Begin PBXBuildFile section */
		BFDB8C232B97741000170A23 /* AppDelegate.swift in Sources */ = {isa = PBXBuildFile; fileRef = BFDB8C222B97741000170A23 /* AppDelegate.swift */; };
		BFDB8C252B97741000170A23 /* GameScene.sks in Resources */ = {isa = PBXBuildFile; fileRef = BFDB8C242B97741000170A23 /* GameScene.sks */; };
		BFDB8C272B97741000170A23 /* Actions.sks in Resources */ = {isa = PBXBuildFile; fileRef = BFDB8C262B97741000170A23 /* Actions.sks */; };
		BFDB8C292B97741000170A23 /* GameScene.swift in Sources */ = {isa = PBXBuildFile; fileRef = BFDB8C282B97741000170A23 /* GameScene.swift */; };
		BFDB8C2B2B97741000170A23 /* GameViewController.swift in Sources */ = {isa = PBXBuildFile; fileRef = BFDB8C2A2B97741000170A23 /* GameViewController.swift */; };
		BFDB8C2E2B97741000170A23 /* Main.storyboard in Resources */ = {isa = PBXBuildFile; fileRef = BFDB8C2C2B97741000170A23 /* Main.storyboard */; };
		BFDB8C302B97741200170A23 /* Assets.xcassets in Resources */ = {isa = PBXBuildFile; fileRef = BFDB8C2F2B97741200170A23 /* Assets.xcassets */; };
		BFDB8C332B97741200170A23 /* LaunchScreen.storyboard in Resources */ = {isa = PBXBuildFile; fileRef = BFDB8C312B97741200170A23 /* LaunchScreen.storyboard */; };
		BFDB8C3D2B97741200170A23 /* midGameChenTests.swift in Sources */ = {isa = PBXBuildFile; fileRef = BFDB8C3C2B97741200170A23 /* midGameChenTests.swift */; };
		BFDB8C472B97741200170A23 /* midGameChenUITests.swift in Sources */ = {isa = PBXBuildFile; fileRef = BFDB8C462B97741200170A23 /* midGameChenUITests.swift */; };
		BFDB8C492B97741200170A23 /* midGameChenUITestsLaunchTests.swift in Sources */ = {isa = PBXBuildFile; fileRef = BFDB8C482B97741200170A23 /* midGameChenUITestsLaunchTests.swift */; };
/* End PBXBuildFile section */

/* Begin PBXContainerItemProxy section */
		BFDB8C392B97741200170A23 /* PBXContainerItemProxy */ = {
			isa = PBXContainerItemProxy;
			containerPortal = BFDB8C172B97741000170A23 /* Project object */;
			proxyType = 1;
			remoteGlobalIDString = BFDB8C1E2B97741000170A23;
			remoteInfo = midGameChen;
		};
		BFDB8C432B97741200170A23 /* PBXContainerItemProxy */ = {
			isa = PBXContainerItemProxy;
			containerPortal = BFDB8C172B97741000170A23 /* Project object */;
			proxyType = 1;
			remoteGlobalIDString = BFDB8C1E2B97741000170A23;
			remoteInfo = midGameChen;
		};
/* End PBXContainerItemProxy section */

/* Begin PBXFileReference section */
		BFDB8C1F2B97741000170A23 /* midGameChen.app */ = {isa = PBXFileReference; explicitFileType = wrapper.application; includeInIndex = 0; path = midGameChen.app; sourceTree = BUILT_PRODUCTS_DIR; };
		BFDB8C222B97741000170A23 /* AppDelegate.swift */ = {isa = PBXFileReference; lastKnownFileType = sourcecode.swift; path = AppDelegate.swift; sourceTree = "<group>"; };
		BFDB8C242B97741000170A23 /* GameScene.sks */ = {isa = PBXFileReference; lastKnownFileType = file.sks; path = GameScene.sks; sourceTree = "<group>"; };
		BFDB8C262B97741000170A23 /* Actions.sks */ = {isa = PBXFileReference; lastKnownFileType = file.sks; path = Actions.sks; sourceTree = "<group>"; };
		BFDB8C282B97741000170A23 /* GameScene.swift */ = {isa = PBXFileReference; lastKnownFileType = sourcecode.swift; path = GameScene.swift; sourceTree = "<group>"; };
		BFDB8C2A2B97741000170A23 /* GameViewController.swift */ = {isa = PBXFileReference; lastKnownFileType = sourcecode.swift; path = GameViewController.swift; sourceTree = "<group>"; };
		BFDB8C2D2B97741000170A23 /* Base */ = {isa = PBXFileReference; lastKnownFileType = file.storyboard; name = Base; path = Base.lproj/Main.storyboard; sourceTree = "<group>"; };
		BFDB8C2F2B97741200170A23 /* Assets.xcassets */ = {isa = PBXFileReference; lastKnownFileType = folder.assetcatalog; path = Assets.xcassets; sourceTree = "<group>"; };
		BFDB8C322B97741200170A23 /* Base */ = {isa = PBXFileReference; lastKnownFileType = file.storyboard; name = Base; path = Base.lproj/LaunchScreen.storyboard; sourceTree = "<group>"; };
		BFDB8C382B97741200170A23 /* midGameChenTests.xctest */ = {isa = PBXFileReference; explicitFileType = wrapper.cfbundle; includeInIndex = 0; path = midGameChenTests.xctest; sourceTree = BUILT_PRODUCTS_DIR; };
		BFDB8C3C2B97741200170A23 /* midGameChenTests.swift */ = {isa = PBXFileReference; lastKnownFileType = sourcecode.swift; path = midGameChenTests.swift; sourceTree = "<group>"; };
		BFDB8C422B97741200170A23 /* midGameChenUITests.xctest */ = {isa = PBXFileReference; explicitFileType = wrapper.cfbundle; includeInIndex = 0; path = midGameChenUITests.xctest; sourceTree = BUILT_PRODUCTS_DIR; };
		BFDB8C462B97741200170A23 /* midGameChenUITests.swift */ = {isa = PBXFileReference; lastKnownFileType = sourcecode.swift; path = midGameChenUITests.swift; sourceTree = "<group>"; };
		BFDB8C482B97741200170A23 /* midGameChenUITestsLaunchTests.swift */ = {isa = PBXFileReference; lastKnownFileType = sourcecode.swift; path = midGameChenUITestsLaunchTests.swift; sourceTree = "<group>"; };
/* End PBXFileReference section */

/* Begin PBXFrameworksBuildPhase section */
		BFDB8C1C2B97741000170A23 /* Frameworks */ = {
			isa = PBXFrameworksBuildPhase;
			buildActionMask = 2147483647;
			files = (
			);
			runOnlyForDeploymentPostprocessing = 0;
		};
		BFDB8C352B97741200170A23 /* Frameworks */ = {
			isa = PBXFrameworksBuildPhase;
			buildActionMask = 2147483647;
			files = (
			);
			runOnlyForDeploymentPostprocessing = 0;
		};
		BFDB8C3F2B97741200170A23 /* Frameworks */ = {
			isa = PBXFrameworksBuildPhase;
			buildActionMask = 2147483647;
			files = (
			);
			runOnlyForDeploymentPostprocessing = 0;
		};
/* End PBXFrameworksBuildPhase section */

/* Begin PBXGroup section */
		BFDB8C162B97741000170A23 = {
			isa = PBXGroup;
			children = (
				BFDB8C212B97741000170A23 /* midGameChen */,
				BFDB8C3B2B97741200170A23 /* midGameChenTests */,
				BFDB8C452B97741200170A23 /* midGameChenUITests */,
				BFDB8C202B97741000170A23 /* Products */,
			);
			sourceTree = "<group>";
		};
		BFDB8C202B97741000170A23 /* Products */ = {
			isa = PBXGroup;
			children = (
				BFDB8C1F2B97741000170A23 /* midGameChen.app */,
				BFDB8C382B97741200170A23 /* midGameChenTests.xctest */,
				BFDB8C422B97741200170A23 /* midGameChenUITests.xctest */,
			);
			name = Products;
			sourceTree = "<group>";
		};
		BFDB8C212B97741000170A23 /* midGameChen */ = {
			isa = PBXGroup;
			children = (
				BFDB8C222B97741000170A23 /* AppDelegate.swift */,
				BFDB8C242B97741000170A23 /* GameScene.sks */,
				BFDB8C262B97741000170A23 /* Actions.sks */,
				BFDB8C282B97741000170A23 /* GameScene.swift */,
				BFDB8C2A2B97741000170A23 /* GameViewController.swift */,
				BFDB8C2C2B97741000170A23 /* Main.storyboard */,
				BFDB8C2F2B97741200170A23 /* Assets.xcassets */,
				BFDB8C312B97741200170A23 /* LaunchScreen.storyboard */,
			);
			path = midGameChen;
			sourceTree = "<group>";
		};
		BFDB8C3B2B97741200170A23 /* midGameChenTests */ = {
			isa = PBXGroup;
			children = (
				BFDB8C3C2B97741200170A23 /* midGameChenTests.swift */,
			);
			path = midGameChenTests;
			sourceTree = "<group>";
		};
		BFDB8C452B97741200170A23 /* midGameChenUITests */ = {
			isa = PBXGroup;
			children = (
				BFDB8C462B97741200170A23 /* midGameChenUITests.swift */,
				BFDB8C482B97741200170A23 /* midGameChenUITestsLaunchTests.swift */,
			);
			path = midGameChenUITests;
			sourceTree = "<group>";
		};
/* End PBXGroup section */

/* Begin PBXNativeTarget section */
		BFDB8C1E2B97741000170A23 /* midGameChen */ = {
			isa = PBXNativeTarget;
			buildConfigurationList = BFDB8C4C2B97741200170A23 /* Build configuration list for PBXNativeTarget "midGameChen" */;
			buildPhases = (
				BFDB8C1B2B97741000170A23 /* Sources */,
				BFDB8C1C2B97741000170A23 /* Frameworks */,
				BFDB8C1D2B97741000170A23 /* Resources */,
			);
			buildRules = (
			);
			dependencies = (
			);
			name = midGameChen;
			productName = midGameChen;
			productReference = BFDB8C1F2B97741000170A23 /* midGameChen.app */;
			productType = "com.apple.product-type.application";
		};
		BFDB8C372B97741200170A23 /* midGameChenTests */ = {
			isa = PBXNativeTarget;
			buildConfigurationList = BFDB8C4F2B97741200170A23 /* Build configuration list for PBXNativeTarget "midGameChenTests" */;
			buildPhases = (
				BFDB8C342B97741200170A23 /* Sources */,
				BFDB8C352B97741200170A23 /* Frameworks */,
				BFDB8C362B97741200170A23 /* Resources */,
			);
			buildRules = (
			);
			dependencies = (
				BFDB8C3A2B97741200170A23 /* PBXTargetDependency */,
			);
			name = midGameChenTests;
			productName = midGameChenTests;
			productReference = BFDB8C382B97741200170A23 /* midGameChenTests.xctest */;
			productType = "com.apple.product-type.bundle.unit-test";
		};
		BFDB8C412B97741200170A23 /* midGameChenUITests */ = {
			isa = PBXNativeTarget;
			buildConfigurationList = BFDB8C522B97741200170A23 /* Build configuration list for PBXNativeTarget "midGameChenUITests" */;
			buildPhases = (
				BFDB8C3E2B97741200170A23 /* Sources */,
				BFDB8C3F2B97741200170A23 /* Frameworks */,
				BFDB8C402B97741200170A23 /* Resources */,
			);
			buildRules = (
			);
			dependencies = (
				BFDB8C442B97741200170A23 /* PBXTargetDependency */,
			);
			name = midGameChenUITests;
			productName = midGameChenUITests;
			productReference = BFDB8C422B97741200170A23 /* midGameChenUITests.xctest */;
			productType = "com.apple.product-type.bundle.ui-testing";
		};
/* End PBXNativeTarget section */

/* Begin PBXProject section */
		BFDB8C172B97741000170A23 /* Project object */ = {
			isa = PBXProject;
			attributes = {
				BuildIndependentTargetsInParallel = 1;
				LastSwiftUpdateCheck = 1510;
				LastUpgradeCheck = 1510;
				TargetAttributes = {
					BFDB8C1E2B97741000170A23 = {
						CreatedOnToolsVersion = 15.1;
					};
					BFDB8C372B97741200170A23 = {
						CreatedOnToolsVersion = 15.1;
						TestTargetID = BFDB8C1E2B97741000170A23;
					};
					BFDB8C412B97741200170A23 = {
						CreatedOnToolsVersion = 15.1;
						TestTargetID = BFDB8C1E2B97741000170A23;
					};
				};
			};
			buildConfigurationList = BFDB8C1A2B97741000170A23 /* Build configuration list for PBXProject "midGameChen" */;
			compatibilityVersion = "Xcode 14.0";
			developmentRegion = en;
			hasScannedForEncodings = 0;
			knownRegions = (
				en,
				Base,
			);
			mainGroup = BFDB8C162B97741000170A23;
			productRefGroup = BFDB8C202B97741000170A23 /* Products */;
			projectDirPath = "";
			projectRoot = "";
			targets = (
				BFDB8C1E2B97741000170A23 /* midGameChen */,
				BFDB8C372B97741200170A23 /* midGameChenTests */,
				BFDB8C412B97741200170A23 /* midGameChenUITests */,
			);
		};
/* End PBXProject section */

/* Begin PBXResourcesBuildPhase section */
		BFDB8C1D2B97741000170A23 /* Resources */ = {
			isa = PBXResourcesBuildPhase;
			buildActionMask = 2147483647;
			files = (
				BFDB8C2E2B97741000170A23 /* Main.storyboard in Resources */,
				BFDB8C252B97741000170A23 /* GameScene.sks in Resources */,
				BFDB8C302B97741200170A23 /* Assets.xcassets in Resources */,
				BFDB8C332B97741200170A23 /* LaunchScreen.storyboard in Resources */,
				BFDB8C272B97741000170A23 /* Actions.sks in Resources */,
			);
			runOnlyForDeploymentPostprocessing = 0;
		};
		BFDB8C362B97741200170A23 /* Resources */ = {
			isa = PBXResourcesBuildPhase;
			buildActionMask = 2147483647;
			files = (
			);
			runOnlyForDeploymentPostprocessing = 0;
		};
		BFDB8C402B97741200170A23 /* Resources */ = {
			isa = PBXResourcesBuildPhase;
			buildActionMask = 2147483647;
			files = (
			);
			runOnlyForDeploymentPostprocessing = 0;
		};
/* End PBXResourcesBuildPhase section */

/* Begin PBXSourcesBuildPhase section */
		BFDB8C1B2B97741000170A23 /* Sources */ = {
			isa = PBXSourcesBuildPhase;
			buildActionMask = 2147483647;
			files = (
				BFDB8C292B97741000170A23 /* GameScene.swift in Sources */,
				BFDB8C2B2B97741000170A23 /* GameViewController.swift in Sources */,
				BFDB8C232B97741000170A23 /* AppDelegate.swift in Sources */,
			);
			runOnlyForDeploymentPostprocessing = 0;
		};
		BFDB8C342B97741200170A23 /* Sources */ = {
			isa = PBXSourcesBuildPhase;
			buildActionMask = 2147483647;
			files = (
				BFDB8C3D2B97741200170A23 /* midGameChenTests.swift in Sources */,
			);
			runOnlyForDeploymentPostprocessing = 0;
		};
		BFDB8C3E2B97741200170A23 /* Sources */ = {
			isa = PBXSourcesBuildPhase;
			buildActionMask = 2147483647;
			files = (
				BFDB8C472B97741200170A23 /* midGameChenUITests.swift in Sources */,
				BFDB8C492B97741200170A23 /* midGameChenUITestsLaunchTests.swift in Sources */,
			);
			runOnlyForDeploymentPostprocessing = 0;
		};
/* End PBXSourcesBuildPhase section */

/* Begin PBXTargetDependency section */
		BFDB8C3A2B97741200170A23 /* PBXTargetDependency */ = {
			isa = PBXTargetDependency;
			target = BFDB8C1E2B97741000170A23 /* midGameChen */;
			targetProxy = BFDB8C392B97741200170A23 /* PBXContainerItemProxy */;
		};
		BFDB8C442B97741200170A23 /* PBXTargetDependency */ = {
			isa = PBXTargetDependency;
			target = BFDB8C1E2B97741000170A23 /* midGameChen */;
			targetProxy = BFDB8C432B97741200170A23 /* PBXContainerItemProxy */;
		};
/* End PBXTargetDependency section */

/* Begin PBXVariantGroup section */
		BFDB8C2C2B97741000170A23 /* Main.storyboard */ = {
			isa = PBXVariantGroup;
			children = (
				BFDB8C2D2B97741000170A23 /* Base */,
			);
			name = Main.storyboard;
			sourceTree = "<group>";
		};
		BFDB8C312B97741200170A23 /* LaunchScreen.storyboard */ = {
			isa = PBXVariantGroup;
			children = (
				BFDB8C322B97741200170A23 /* Base */,
			);
			name = LaunchScreen.storyboard;
			sourceTree = "<group>";
		};
/* End PBXVariantGroup section */

/* Begin XCBuildConfiguration section */
		BFDB8C4A2B97741200170A23 /* Debug */ = {
			isa = XCBuildConfiguration;
			buildSettings = {
				ALWAYS_SEARCH_USER_PATHS = NO;
				ASSETCATALOG_COMPILER_GENERATE_SWIFT_ASSET_SYMBOL_EXTENSIONS = YES;
				CLANG_ANALYZER_NONNULL = YES;
				CLANG_ANALYZER_NUMBER_OBJECT_CONVERSION = YES_AGGRESSIVE;
				CLANG_CXX_LANGUAGE_STANDARD = "gnu++20";
				CLANG_ENABLE_MODULES = YES;
				CLANG_ENABLE_OBJC_ARC = YES;
				CLANG_ENABLE_OBJC_WEAK = YES;
				CLANG_WARN_BLOCK_CAPTURE_AUTORELEASING = YES;
				CLANG_WARN_BOOL_CONVERSION = YES;
				CLANG_WARN_COMMA = YES;
				CLANG_WARN_CONSTANT_CONVERSION = YES;
				CLANG_WARN_DEPRECATED_OBJC_IMPLEMENTATIONS = YES;
				CLANG_WARN_DIRECT_OBJC_ISA_USAGE = YES_ERROR;
				CLANG_WARN_DOCUMENTATION_COMMENTS = YES;
				CLANG_WARN_EMPTY_BODY = YES;
				CLANG_WARN_ENUM_CONVERSION = YES;
				CLANG_WARN_INFINITE_RECURSION = YES;
				CLANG_WARN_INT_CONVERSION = YES;
				CLANG_WARN_NON_LITERAL_NULL_CONVERSION = YES;
				CLANG_WARN_OBJC_IMPLICIT_RETAIN_SELF = YES;
				CLANG_WARN_OBJC_LITERAL_CONVERSION = YES;
				CLANG_WARN_OBJC_ROOT_CLASS = YES_ERROR;
				CLANG_WARN_QUOTED_INCLUDE_IN_FRAMEWORK_HEADER = YES;
				CLANG_WARN_RANGE_LOOP_ANALYSIS = YES;
				CLANG_WARN_STRICT_PROTOTYPES = YES;
				CLANG_WARN_SUSPICIOUS_MOVE = YES;
				CLANG_WARN_UNGUARDED_AVAILABILITY = YES_AGGRESSIVE;
				CLANG_WARN_UNREACHABLE_CODE = YES;
				CLANG_WARN__DUPLICATE_METHOD_MATCH = YES;
				COPY_PHASE_STRIP = NO;
				DEBUG_INFORMATION_FORMAT = dwarf;
				ENABLE_STRICT_OBJC_MSGSEND = YES;
				ENABLE_TESTABILITY = YES;
				ENABLE_USER_SCRIPT_SANDBOXING = YES;
				GCC_C_LANGUAGE_STANDARD = gnu17;
				GCC_DYNAMIC_NO_PIC = NO;
				GCC_NO_COMMON_BLOCKS = YES;
				GCC_OPTIMIZATION_LEVEL = 0;
				GCC_PREPROCESSOR_DEFINITIONS = (
					"DEBUG=1",
					"$(inherited)",
				);
				GCC_WARN_64_TO_32_BIT_CONVERSION = YES;
				GCC_WARN_ABOUT_RETURN_TYPE = YES_ERROR;
				GCC_WARN_UNDECLARED_SELECTOR = YES;
				GCC_WARN_UNINITIALIZED_AUTOS = YES_AGGRESSIVE;
				GCC_WARN_UNUSED_FUNCTION = YES;
				GCC_WARN_UNUSED_VARIABLE = YES;
				IPHONEOS_DEPLOYMENT_TARGET = 17.2;
				LOCALIZATION_PREFERS_STRING_CATALOGS = YES;
				MTL_ENABLE_DEBUG_INFO = INCLUDE_SOURCE;
				MTL_FAST_MATH = YES;
				ONLY_ACTIVE_ARCH = YES;
				SDKROOT = iphoneos;
				SWIFT_ACTIVE_COMPILATION_CONDITIONS = "DEBUG $(inherited)";
				SWIFT_OPTIMIZATION_LEVEL = "-Onone";
			};
			name = Debug;
		};
		BFDB8C4B2B97741200170A23 /* Release */ = {
			isa = XCBuildConfiguration;
			buildSettings = {
				ALWAYS_SEARCH_USER_PATHS = NO;
				ASSETCATALOG_COMPILER_GENERATE_SWIFT_ASSET_SYMBOL_EXTENSIONS = YES;
				CLANG_ANALYZER_NONNULL = YES;
				CLANG_ANALYZER_NUMBER_OBJECT_CONVERSION = YES_AGGRESSIVE;
				CLANG_CXX_LANGUAGE_STANDARD = "gnu++20";
				CLANG_ENABLE_MODULES = YES;
				CLANG_ENABLE_OBJC_ARC = YES;
				CLANG_ENABLE_OBJC_WEAK = YES;
				CLANG_WARN_BLOCK_CAPTURE_AUTORELEASING = YES;
				CLANG_WARN_BOOL_CONVERSION = YES;
				CLANG_WARN_COMMA = YES;
				CLANG_WARN_CONSTANT_CONVERSION = YES;
				CLANG_WARN_DEPRECATED_OBJC_IMPLEMENTATIONS = YES;
				CLANG_WARN_DIRECT_OBJC_ISA_USAGE = YES_ERROR;
				CLANG_WARN_DOCUMENTATION_COMMENTS = YES;
				CLANG_WARN_EMPTY_BODY = YES;
				CLANG_WARN_ENUM_CONVERSION = YES;
				CLANG_WARN_INFINITE_RECURSION = YES;
				CLANG_WARN_INT_CONVERSION = YES;
				CLANG_WARN_NON_LITERAL_NULL_CONVERSION = YES;
				CLANG_WARN_OBJC_IMPLICIT_RETAIN_SELF = YES;
				CLANG_WARN_OBJC_LITERAL_CONVERSION = YES;
				CLANG_WARN_OBJC_ROOT_CLASS = YES_ERROR;
				CLANG_WARN_QUOTED_INCLUDE_IN_FRAMEWORK_HEADER = YES;
				CLANG_WARN_RANGE_LOOP_ANALYSIS = YES;
				CLANG_WARN_STRICT_PROTOTYPES = YES;
				CLANG_WARN_SUSPICIOUS_MOVE = YES;
				CLANG_WARN_UNGUARDED_AVAILABILITY = YES_AGGRESSIVE;
				CLANG_WARN_UNREACHABLE_CODE = YES;
				CLANG_WARN__DUPLICATE_METHOD_MATCH = YES;
				COPY_PHASE_STRIP = NO;
				DEBUG_INFORMATION_FORMAT = "dwarf-with-dsym";
				ENABLE_NS_ASSERTIONS = NO;
				ENABLE_STRICT_OBJC_MSGSEND = YES;
				ENABLE_USER_SCRIPT_SANDBOXING = YES;
				GCC_C_LANGUAGE_STANDARD = gnu17;
				GCC_NO_COMMON_BLOCKS = YES;
				GCC_WARN_64_TO_32_BIT_CONVERSION = YES;
				GCC_WARN_ABOUT_RETURN_TYPE = YES_ERROR;
				GCC_WARN_UNDECLARED_SELECTOR = YES;
				GCC_WARN_UNINITIALIZED_AUTOS = YES_AGGRESSIVE;
				GCC_WARN_UNUSED_FUNCTION = YES;
				GCC_WARN_UNUSED_VARIABLE = YES;
				IPHONEOS_DEPLOYMENT_TARGET = 17.2;
				LOCALIZATION_PREFERS_STRING_CATALOGS = YES;
				MTL_ENABLE_DEBUG_INFO = NO;
				MTL_FAST_MATH = YES;
				SDKROOT = iphoneos;
				SWIFT_COMPILATION_MODE = wholemodule;
				VALIDATE_PRODUCT = YES;
			};
			name = Release;
		};
		BFDB8C4D2B97741200170A23 /* Debug */ = {
			isa = XCBuildConfiguration;
			buildSettings = {
				ASSETCATALOG_COMPILER_APPICON_NAME = AppIcon;
				ASSETCATALOG_COMPILER_GLOBAL_ACCENT_COLOR_NAME = AccentColor;
				CODE_SIGN_STYLE = Automatic;
				CURRENT_PROJECT_VERSION = 1;
				DEVELOPMENT_TEAM = AYD3L47SWZ;
				GENERATE_INFOPLIST_FILE = YES;
				INFOPLIST_KEY_UIApplicationSupportsIndirectInputEvents = YES;
				INFOPLIST_KEY_UILaunchStoryboardName = LaunchScreen;
				INFOPLIST_KEY_UIMainStoryboardFile = Main;
				INFOPLIST_KEY_UIStatusBarHidden = YES;
				INFOPLIST_KEY_UISupportedInterfaceOrientations_iPad = "UIInterfaceOrientationPortrait UIInterfaceOrientationPortraitUpsideDown UIInterfaceOrientationLandscapeLeft UIInterfaceOrientationLandscapeRight";
				INFOPLIST_KEY_UISupportedInterfaceOrientations_iPhone = "UIInterfaceOrientationPortrait UIInterfaceOrientationLandscapeLeft UIInterfaceOrientationLandscapeRight";
				LD_RUNPATH_SEARCH_PATHS = (
					"$(inherited)",
					"@executable_path/Frameworks",
				);
				MARKETING_VERSION = 1.0;
				PRODUCT_BUNDLE_IDENTIFIER = clc.midGameChen;
				PRODUCT_NAME = "$(TARGET_NAME)";
				SWIFT_EMIT_LOC_STRINGS = YES;
				SWIFT_VERSION = 5.0;
				TARGETED_DEVICE_FAMILY = "1,2";
			};
			name = Debug;
		};
		BFDB8C4E2B97741200170A23 /* Release */ = {
			isa = XCBuildConfiguration;
			buildSettings = {
				ASSETCATALOG_COMPILER_APPICON_NAME = AppIcon;
				ASSETCATALOG_COMPILER_GLOBAL_ACCENT_COLOR_NAME = AccentColor;
				CODE_SIGN_STYLE = Automatic;
				CURRENT_PROJECT_VERSION = 1;
				DEVELOPMENT_TEAM = AYD3L47SWZ;
				GENERATE_INFOPLIST_FILE = YES;
				INFOPLIST_KEY_UIApplicationSupportsIndirectInputEvents = YES;
				INFOPLIST_KEY_UILaunchStoryboardName = LaunchScreen;
				INFOPLIST_KEY_UIMainStoryboardFile = Main;
				INFOPLIST_KEY_UIStatusBarHidden = YES;
				INFOPLIST_KEY_UISupportedInterfaceOrientations_iPad = "UIInterfaceOrientationPortrait UIInterfaceOrientationPortraitUpsideDown UIInterfaceOrientationLandscapeLeft UIInterfaceOrientationLandscapeRight";
				INFOPLIST_KEY_UISupportedInterfaceOrientations_iPhone = "UIInterfaceOrientationPortrait UIInterfaceOrientationLandscapeLeft UIInterfaceOrientationLandscapeRight";
				LD_RUNPATH_SEARCH_PATHS = (
					"$(inherited)",
					"@executable_path/Frameworks",
				);
				MARKETING_VERSION = 1.0;
				PRODUCT_BUNDLE_IDENTIFIER = clc.midGameChen;
				PRODUCT_NAME = "$(TARGET_NAME)";
				SWIFT_EMIT_LOC_STRINGS = YES;
				SWIFT_VERSION = 5.0;
				TARGETED_DEVICE_FAMILY = "1,2";
			};
			name = Release;
		};
		BFDB8C502B97741200170A23 /* Debug */ = {
			isa = XCBuildConfiguration;
			buildSettings = {
				ALWAYS_EMBED_SWIFT_STANDARD_LIBRARIES = YES;
				BUNDLE_LOADER = "$(TEST_HOST)";
				CODE_SIGN_STYLE = Automatic;
				CURRENT_PROJECT_VERSION = 1;
				DEVELOPMENT_TEAM = AYD3L47SWZ;
				GENERATE_INFOPLIST_FILE = YES;
				IPHONEOS_DEPLOYMENT_TARGET = 17.2;
				MARKETING_VERSION = 1.0;
				PRODUCT_BUNDLE_IDENTIFIER = clc.midGameChenTests;
				PRODUCT_NAME = "$(TARGET_NAME)";
				SWIFT_EMIT_LOC_STRINGS = NO;
				SWIFT_VERSION = 5.0;
				TARGETED_DEVICE_FAMILY = "1,2";
				TEST_HOST = "$(BUILT_PRODUCTS_DIR)/midGameChen.app/$(BUNDLE_EXECUTABLE_FOLDER_PATH)/midGameChen";
			};
			name = Debug;
		};
		BFDB8C512B97741200170A23 /* Release */ = {
			isa = XCBuildConfiguration;
			buildSettings = {
				ALWAYS_EMBED_SWIFT_STANDARD_LIBRARIES = YES;
				BUNDLE_LOADER = "$(TEST_HOST)";
				CODE_SIGN_STYLE = Automatic;
				CURRENT_PROJECT_VERSION = 1;
				DEVELOPMENT_TEAM = AYD3L47SWZ;
				GENERATE_INFOPLIST_FILE = YES;
				IPHONEOS_DEPLOYMENT_TARGET = 17.2;
				MARKETING_VERSION = 1.0;
				PRODUCT_BUNDLE_IDENTIFIER = clc.midGameChenTests;
				PRODUCT_NAME = "$(TARGET_NAME)";
				SWIFT_EMIT_LOC_STRINGS = NO;
				SWIFT_VERSION = 5.0;
				TARGETED_DEVICE_FAMILY = "1,2";
				TEST_HOST = "$(BUILT_PRODUCTS_DIR)/midGameChen.app/$(BUNDLE_EXECUTABLE_FOLDER_PATH)/midGameChen";
			};
			name = Release;
		};
		BFDB8C532B97741200170A23 /* Debug */ = {
			isa = XCBuildConfiguration;
			buildSettings = {
				ALWAYS_EMBED_SWIFT_STANDARD_LIBRARIES = YES;
				CODE_SIGN_STYLE = Automatic;
				CURRENT_PROJECT_VERSION = 1;
				DEVELOPMENT_TEAM = AYD3L47SWZ;
				GENERATE_INFOPLIST_FILE = YES;
				MARKETING_VERSION = 1.0;
				PRODUCT_BUNDLE_IDENTIFIER = clc.midGameChenUITests;
				PRODUCT_NAME = "$(TARGET_NAME)";
				SWIFT_EMIT_LOC_STRINGS = NO;
				SWIFT_VERSION = 5.0;
				TARGETED_DEVICE_FAMILY = "1,2";
				TEST_TARGET_NAME = midGameChen;
			};
			name = Debug;
		};
		BFDB8C542B97741200170A23 /* Release */ = {
			isa = XCBuildConfiguration;
			buildSettings = {
				ALWAYS_EMBED_SWIFT_STANDARD_LIBRARIES = YES;
				CODE_SIGN_STYLE = Automatic;
				CURRENT_PROJECT_VERSION = 1;
				DEVELOPMENT_TEAM = AYD3L47SWZ;
				GENERATE_INFOPLIST_FILE = YES;
				MARKETING_VERSION = 1.0;
				PRODUCT_BUNDLE_IDENTIFIER = clc.midGameChenUITests;
				PRODUCT_NAME = "$(TARGET_NAME)";
				SWIFT_EMIT_LOC_STRINGS = NO;
				SWIFT_VERSION = 5.0;
				TARGETED_DEVICE_FAMILY = "1,2";
				TEST_TARGET_NAME = midGameChen;
			};
			name = Release;
		};
/* End XCBuildConfiguration section */

/* Begin XCConfigurationList section */
		BFDB8C1A2B97741000170A23 /* Build configuration list for PBXProject "midGameChen" */ = {
			isa = XCConfigurationList;
			buildConfigurations = (
				BFDB8C4A2B97741200170A23 /* Debug */,
				BFDB8C4B2B97741200170A23 /* Release */,
			);
			defaultConfigurationIsVisible = 0;
			defaultConfigurationName = Release;
		};
		BFDB8C4C2B97741200170A23 /* Build configuration list for PBXNativeTarget "midGameChen" */ = {
			isa = XCConfigurationList;
			buildConfigurations = (
				BFDB8C4D2B97741200170A23 /* Debug */,
				BFDB8C4E2B97741200170A23 /* Release */,
			);
			defaultConfigurationIsVisible = 0;
			defaultConfigurationName = Release;
		};
		BFDB8C4F2B97741200170A23 /* Build configuration list for PBXNativeTarget "midGameChenTests" */ = {
			isa = XCConfigurationList;
			buildConfigurations = (
				BFDB8C502B97741200170A23 /* Debug */,
				BFDB8C512B97741200170A23 /* Release */,
			);
			defaultConfigurationIsVisible = 0;
			defaultConfigurationName = Release;
		};
		BFDB8C522B97741200170A23 /* Build configuration list for PBXNativeTarget "midGameChenUITests" */ = {
			isa = XCConfigurationList;
			buildConfigurations = (
				BFDB8C532B97741200170A23 /* Debug */,
				BFDB8C542B97741200170A23 /* Release */,
			);
			defaultConfigurationIsVisible = 0;
			defaultConfigurationName = Release;
		};
/* End XCConfigurationList section */
	};
	rootObject = BFDB8C172B97741000170A23 /* Project object */;
}
